
Microsoft Visual Studio Solution File, Format Version 12.00
# Visual Studio Version 17
VisualStudioVersion = 17.3.32825.248
MinimumVisualStudioVersion = 10.0.40219.1
Project("{9A19103F-16F7-4668-BE54-9A1E7A4F7556}") = "CSVFile", "CSVFile.csproj", "{EFD691EF-7B61-44D6-8AA1-2D6B40E7F719}"
EndProject
Global
	GlobalSection(SolutionConfigurationPlatforms) = preSolution
		Debug|Any CPU = Debug|Any CPU
		Release|Any CPU = Release|Any CPU
	EndGlobalSection
	GlobalSection(ProjectConfigurationPlatforms) = postSolution
		{EFD691EF-7B61-44D6-8AA1-2D6B40E7F719}.Debug|Any CPU.ActiveCfg = Debug|Any CPU
		{EFD691EF-7B61-44D6-8AA1-2D6B40E7F719}.Debug|Any CPU.Build.0 = Debug|Any CPU
		{EFD691EF-7B61-44D6-8AA1-2D6B40E7F719}.Release|Any CPU.ActiveCfg = Release|Any CPU
		{EFD691EF-7B61-44D6-8AA1-2D6B40E7F719}.Release|Any CPU.Build.0 = Release|Any CPU
	EndGlobalSection
	GlobalSection(SolutionProperties) = preSolution
		HideSolutionNode = FALSE
	EndGlobalSection
	GlobalSection(ExtensibilityGlobals) = postSolution
		SolutionGuid = {21E6076C-FC71-4812-80FA-61DF117D1A2A}
	EndGlobalSection
EndGlobal
